
Microsoft Visual Studio Solution File, Format Version 12.00
# Visual Studio Version 17
VisualStudioVersion = 17.9.34902.65
MinimumVisualStudioVersion = 10.0.40219.1
Project("{9A19103F-16F7-4668-BE54-9A1E7A4F7556}") = "Marguds-EXE201", "Marguds-EXE201\Marguds-EXE201.csproj", "{4B13AF1F-BD77-41F4-9DC4-60558F9429F1}"
EndProject
Project("{9A19103F-16F7-4668-BE54-9A1E7A4F7556}") = "Marguds_BussinessObject", "Marguds_BussinessObject\Marguds_BussinessObject.csproj", "{5AF1E375-4B49-4250-BF06-92858E451E49}"
EndProject
Project("{FAE04EC0-301F-11D3-BF4B-00C04F79EFBC}") = "Marguds_DataAccessLayer", "Marguds_DataAccessLayer\Marguds_DataAccessLayer.csproj", "{E0E14E8E-21AB-4B47-9E3C-C8052068FAB1}"
EndProject
Global
	GlobalSection(SolutionConfigurationPlatforms) = preSolution
		Debug|Any CPU = Debug|Any CPU
		Release|Any CPU = Release|Any CPU
	EndGlobalSection
	GlobalSection(ProjectConfigurationPlatforms) = postSolution
		{4B13AF1F-BD77-41F4-9DC4-60558F9429F1}.Debug|Any CPU.ActiveCfg = Debug|Any CPU
		{4B13AF1F-BD77-41F4-9DC4-60558F9429F1}.Debug|Any CPU.Build.0 = Debug|Any CPU
		{4B13AF1F-BD77-41F4-9DC4-60558F9429F1}.Release|Any CPU.ActiveCfg = Release|Any CPU
		{4B13AF1F-BD77-41F4-9DC4-60558F9429F1}.Release|Any CPU.Build.0 = Release|Any CPU
		{5AF1E375-4B49-4250-BF06-92858E451E49}.Debug|Any CPU.ActiveCfg = Debug|Any CPU
		{5AF1E375-4B49-4250-BF06-92858E451E49}.Debug|Any CPU.Build.0 = Debug|Any CPU
		{5AF1E375-4B49-4250-BF06-92858E451E49}.Release|Any CPU.ActiveCfg = Release|Any CPU
		{5AF1E375-4B49-4250-BF06-92858E451E49}.Release|Any CPU.Build.0 = Release|Any CPU
		{E0E14E8E-21AB-4B47-9E3C-C8052068FAB1}.Debug|Any CPU.ActiveCfg = Debug|Any CPU
		{E0E14E8E-21AB-4B47-9E3C-C8052068FAB1}.Debug|Any CPU.Build.0 = Debug|Any CPU
		{E0E14E8E-21AB-4B47-9E3C-C8052068FAB1}.Release|Any CPU.ActiveCfg = Release|Any CPU
		{E0E14E8E-21AB-4B47-9E3C-C8052068FAB1}.Release|Any CPU.Build.0 = Release|Any CPU
	EndGlobalSection
	GlobalSection(SolutionProperties) = preSolution
		HideSolutionNode = FALSE
	EndGlobalSection
	GlobalSection(ExtensibilityGlobals) = postSolution
		SolutionGuid = {81CE3F96-F5E5-43AC-9B49-98EE483AC381}
	EndGlobalSection
EndGlobal
